
Microsoft Visual Studio Solution File, Format Version 12.00
# Visual Studio Version 17
VisualStudioVersion = 17.14.36518.9 d17.14
MinimumVisualStudioVersion = 10.0.40219.1
Project("{54A90642-561A-4BB1-A94E-469ADEE60C69}") = "shop.client", "shop.client\shop.client.esproj", "{2EB41119-276A-6AF5-6842-B7953A9EFC3A}"
EndProject
Project("{FAE04EC0-301F-11D3-BF4B-00C04F79EFBC}") = "Shop.Server", "Shop.Server\Shop.Server.csproj", "{2F8D2399-C3B2-4E92-A283-D300CB1443B3}"
EndProject
Global
	GlobalSection(SolutionConfigurationPlatforms) = preSolution
		Debug|Any CPU = Debug|Any CPU
		Release|Any CPU = Release|Any CPU
	EndGlobalSection
	GlobalSection(ProjectConfigurationPlatforms) = postSolution
		{2EB41119-276A-6AF5-6842-B7953A9EFC3A}.Debug|Any CPU.ActiveCfg = Debug|Any CPU
		{2EB41119-276A-6AF5-6842-B7953A9EFC3A}.Debug|Any CPU.Build.0 = Debug|Any CPU
		{2EB41119-276A-6AF5-6842-B7953A9EFC3A}.Debug|Any CPU.Deploy.0 = Debug|Any CPU
		{2EB41119-276A-6AF5-6842-B7953A9EFC3A}.Release|Any CPU.ActiveCfg = Release|Any CPU
		{2EB41119-276A-6AF5-6842-B7953A9EFC3A}.Release|Any CPU.Build.0 = Release|Any CPU
		{2EB41119-276A-6AF5-6842-B7953A9EFC3A}.Release|Any CPU.Deploy.0 = Release|Any CPU
		{2F8D2399-C3B2-4E92-A283-D300CB1443B3}.Debug|Any CPU.ActiveCfg = Debug|Any CPU
		{2F8D2399-C3B2-4E92-A283-D300CB1443B3}.Debug|Any CPU.Build.0 = Debug|Any CPU
		{2F8D2399-C3B2-4E92-A283-D300CB1443B3}.Release|Any CPU.ActiveCfg = Release|Any CPU
		{2F8D2399-C3B2-4E92-A283-D300CB1443B3}.Release|Any CPU.Build.0 = Release|Any CPU
	EndGlobalSection
	GlobalSection(SolutionProperties) = preSolution
		HideSolutionNode = FALSE
	EndGlobalSection
	GlobalSection(ExtensibilityGlobals) = postSolution
		SolutionGuid = {3AB54582-EE77-4A41-8D0B-58384BEA711E}
	EndGlobalSection
EndGlobal
